<?xml version="1.0" encoding="utf-8"?>
<Project ToolsVersion="4.0" xmlns="http://schemas.microsoft.com/developer/msbuild/2003">
  <ItemGroup>
    <ClCompile Include="main.cpp" />
    <ClCompile Include="views\main_view.cpp" />
  </ItemGroup>
  <ItemGroup>
    <ClInclude Include="views\main_view.hpp" />
    <ClInclude Include="views\base_view.hpp" />
  </ItemGroup>
</Project>