<?xml version="1.0" encoding="utf-8"?>
<Project ToolsVersion="4.0" xmlns="http://schemas.microsoft.com/developer/msbuild/2003">
  <ItemGroup>
    <ClCompile Include="main.cpp" />
    <ClCompile Include="views\main_view.cpp" />
    <ClCompile Include="views\content\text_content_processor.cpp" />
    <ClCompile Include="views\content\image_content_processor.cpp" />
    <ClCompile Include="text_editor\text_editor.cpp" />
  </ItemGroup>
  <ItemGroup>
    <ClInclude Include="views\main_view.hpp" />
    <ClInclude Include="views\base_view.hpp" />
    <ClInclude Include="views\content\content_processor.hpp" />
    <ClInclude Include="views\content\text_content_processor.hpp" />
    <ClInclude Include="views\content\image_content_processor.hpp" />
    <ClInclude Include="views\content\content_processor_factory.hpp" />
    <ClInclude Include="text_editor\text_editor.hpp" />
  </ItemGroup>
</Project>