<?xml version="1.0" encoding="utf-8"?>
<Project ToolsVersion="4.0" xmlns="http://schemas.microsoft.com/developer/msbuild/2003">
  <ItemGroup>
    <ClInclude Include="..\vendor\imgui\imconfig.h" />
    <ClInclude Include="..\vendor\imgui\imgui.h" />
    <ClInclude Include="..\vendor\imgui\imgui_internal.h" />
    <ClInclude Include="..\vendor\imgui\imstb_rectpack.h" />
    <ClInclude Include="..\vendor\imgui\imstb_textedit.h" />
    <ClInclude Include="..\vendor\imgui\imstb_truetype.h" />
    <ClInclude Include="..\vendor\imgui\backends\imgui_impl_win32.h">
      <Filter>backends</Filter>
    </ClInclude>
    <ClInclude Include="..\vendor\imgui\backends\imgui_impl_dx11.h">
      <Filter>backends</Filter>
    </ClInclude>
  </ItemGroup>
  <ItemGroup>
    <ClCompile Include="..\vendor\imgui\imgui.cpp" />
    <ClCompile Include="..\vendor\imgui\imgui_demo.cpp" />
    <ClCompile Include="..\vendor\imgui\imgui_draw.cpp" />
    <ClCompile Include="..\vendor\imgui\imgui_tables.cpp" />
    <ClCompile Include="..\vendor\imgui\imgui_widgets.cpp" />
    <ClCompile Include="..\vendor\imgui\backends\imgui_impl_dx11.cpp">
      <Filter>backends</Filter>
    </ClCompile>
    <ClCompile Include="..\vendor\imgui\backends\imgui_impl_win32.cpp">
      <Filter>backends</Filter>
    </ClCompile>
  </ItemGroup>
  <ItemGroup>
    <Filter Include="backends">
      <UniqueIdentifier>{d8f40af2-82ad-4612-84bf-96ee3dcd41db}</UniqueIdentifier>
    </Filter>
  </ItemGroup>
</Project>